
Microsoft Visual Studio Solution File, Format Version 12.00
# Visual Studio 15
VisualStudioVersion = 15.0.26730.16
MinimumVisualStudioVersion = 10.0.40219.1
Project("{FAE04EC0-301F-11D3-BF4B-00C04F79EFBC}") = "Manastream", "Manastream\Manastream.csproj", "{5895BC91-C693-4DBD-B31F-868217172BDD}"
EndProject
Global
	GlobalSection(SolutionConfigurationPlatforms) = preSolution
		Debug|x86 = Debug|x86
		Release|x86 = Release|x86
	EndGlobalSection
	GlobalSection(ProjectConfigurationPlatforms) = postSolution
		{5895BC91-C693-4DBD-B31F-868217172BDD}.Debug|x86.ActiveCfg = Debug|x86
		{5895BC91-C693-4DBD-B31F-868217172BDD}.Debug|x86.Build.0 = Debug|x86
		{5895BC91-C693-4DBD-B31F-868217172BDD}.Release|x86.ActiveCfg = Release|x86
		{5895BC91-C693-4DBD-B31F-868217172BDD}.Release|x86.Build.0 = Release|x86
	EndGlobalSection
	GlobalSection(SolutionProperties) = preSolution
		HideSolutionNode = FALSE
	EndGlobalSection
	GlobalSection(ExtensibilityGlobals) = postSolution
		SolutionGuid = {9D55A0E1-6785-4148-94D2-95ABF873436E}
	EndGlobalSection
EndGlobal
